schema: '2.0'
stages:
  split:
    cmd: python src/data/data_split.py
    deps:
    - path: data/raw/raw.csv
      hash: md5
      md5: 617b56af2992376d5c3e91ad80823898
      size: 333757
    - path: src/data/data_split.py
      hash: md5
      md5: d632e764e951fbbfdf4bca5f2993f57a
      size: 758
    params:
      params.yaml:
        split:
          test_size: 0.2
          random_state: 42
          target_column: silica_concentrate
    outs:
    - path: data/processed/X_test.csv
      hash: md5
      md5: b2af62a7e108b077aec89fa2622996db
      size: 52624
    - path: data/processed/X_train.csv
      hash: md5
      md5: 535251fa6c1a1d098cc7a36e0bd62f38
      size: 209468
    - path: data/processed/y_test.csv
      hash: md5
      md5: a051d29629c8bbb4cfb7e85c7f0315da
      size: 6456
    - path: data/processed/y_train.csv
      hash: md5
      md5: a9cd9d91da89f732843d72548f64ded3
      size: 25951
  normalize:
    cmd: python src/data/normalize.py
    deps:
    - path: data/processed/X_test.csv
      hash: md5
      md5: b2af62a7e108b077aec89fa2622996db
      size: 52624
    - path: data/processed/X_train.csv
      hash: md5
      md5: 535251fa6c1a1d098cc7a36e0bd62f38
      size: 209468
    - path: src/data/normalize.py
      hash: md5
      md5: 9eee3bc8563029ceaf76fa76670e3ab3
      size: 843
    outs:
    - path: data/processed/X_test_scaled.csv
      hash: md5
      md5: 37d17e393004f8dd7bafb73d313bad96
      size: 56933
    - path: data/processed/X_train_scaled.csv
      hash: md5
      md5: d2dacf9937ece01d29968b564a38be6c
      size: 227404
    - path: data/processed/scaler.pkl
      hash: md5
      md5: 35290f6f193a7290f41118ab098617af
      size: 820
  gridsearch:
    cmd: python src/models/grid_search.py
    deps:
    - path: data/processed/X_train_scaled.csv
      hash: md5
      md5: d2dacf9937ece01d29968b564a38be6c
      size: 227404
    - path: data/processed/y_train.csv
      hash: md5
      md5: a9cd9d91da89f732843d72548f64ded3
      size: 25951
    - path: src/models/grid_search.py
      hash: md5
      md5: c7cd3cbe7a8f1c6208ea80a9170185a9
      size: 1171
    params:
      params.yaml:
        gridsearch:
          cv: 5
          scoring: f1_weighted
          n_jobs: -1
          param_grid:
            learning_rate:
            - 0.01
            - 0.1
            - 0.3
            max_depth:
            - 3
            - 5
            - 7
            n_estimators:
            - 100
            - 200
            - 500
    outs:
    - path: models/best_params.pkl
      hash: md5
      md5: 2645d2809ed10a9ec07f7962c405e5ce
      size: 73
  training:
    cmd: python src/models/training.py
    deps:
    - path: data/processed/X_train_scaled.csv
      hash: md5
      md5: d2dacf9937ece01d29968b564a38be6c
      size: 227404
    - path: data/processed/y_train.csv
      hash: md5
      md5: a9cd9d91da89f732843d72548f64ded3
      size: 25951
    - path: models/best_params.pkl
      hash: md5
      md5: 2645d2809ed10a9ec07f7962c405e5ce
      size: 73
    - path: src/models/training.py
      hash: md5
      md5: aeb02bfc3b94f1b457f3e4034fb1f1b8
      size: 817
    outs:
    - path: models/trained_model.pkl
      hash: md5
      md5: 9083f574eb827b5d40868c173ce974cf
      size: 1891986
  evaluate:
    cmd: python src/models/evaluate.py
    deps:
    - path: data/processed/X_test_scaled.csv
      hash: md5
      md5: 37d17e393004f8dd7bafb73d313bad96
      size: 56933
    - path: data/processed/y_test.csv
      hash: md5
      md5: a051d29629c8bbb4cfb7e85c7f0315da
      size: 6456
    - path: models/trained_model.pkl
      hash: md5
      md5: 9083f574eb827b5d40868c173ce974cf
      size: 1891986
    - path: src/models/evaluate.py
      hash: md5
      md5: 2f51247c54391c5d608a1960ffa9885f
      size: 1837
    params:
      params.yaml:
        gridsearch:
          cv: 5
          scoring: f1_weighted
          n_jobs: -1
          param_grid:
            learning_rate:
            - 0.01
            - 0.1
            - 0.3
            max_depth:
            - 3
            - 5
            - 7
            n_estimators:
            - 100
            - 200
            - 500
    outs:
    - path: metrics/scores.json
      hash: md5
      md5: fbe49a85b3a74f80607c929713e27402
      size: 96
    - path: models/gbr_preds.csv
      hash: md5
      md5: 3ad5a935d8903860baf20e3da289326f
      size: 13202
